{
    "name": "poor-mans-t-sql-formatter-vscode-wiimusic",
    "version": "1.6.21",
    "lockfileVersion": 3,
    "requires": true,
    "packages": {
        "": {
            "name": "poor-mans-t-sql-formatter-vscode-wiimusic",
            "version": "1.6.21",
            "license": "AGPL-3.0",
            "dependencies": {
                "@kyl12/poor-mans-t-sql-formatter": "^1.6.21"
            },
            "devDependencies": {
                "@types/azdata": "^1.46.6",
                "@types/vscode": "^1.39.0"
            },
            "engines": {
                "azdata": "*",
                "vscode": "^1.39.0"
            }
        },
        "node_modules/@kyl12/poor-mans-t-sql-formatter": {
            "version": "1.6.21",
            "resolved": "https://registry.npmjs.org/@kyl12/poor-mans-t-sql-formatter/-/poor-mans-t-sql-formatter-1.6.21.tgz",
            "integrity": "sha512-cI67esQnvDxEymsfRbZNH7U1S8Y0NYZ5m1i87b6jF/R0rKZ0E5QGq+ONtHHpYUHtUOntapUAKUsVNqgY23/dyA==",
            "license": "AGPL-3.0"
        },
        "node_modules/@types/azdata": {
            "version": "1.46.6",
            "resolved": "https://registry.npmjs.org/@types/azdata/-/azdata-1.46.6.tgz",
            "integrity": "sha512-lOvRgMxrYuia+8l3EB+j5IaeGLHubmNf3RgGu9OmAxGAyXayjhZLoNAEjqNnVy/MmA35lwAXDpv2PDbNpCCnDA==",
            "dev": true,
            "license": "MIT",
            "dependencies": {
                "@types/vscode": "*"
            }
        },
        "node_modules/@types/vscode": {
            "version": "1.110.0",
            "resolved": "https://registry.npmjs.org/@types/vscode/-/vscode-1.110.0.tgz",
            "integrity": "sha512-AGuxUEpU4F4mfuQjxPPaQVyuOMhs+VT/xRok1jiHVBubHK7lBRvCuOMZG0LKUwxncrPorJ5qq/uil3IdZBd5lA==",
            "dev": true,
            "license": "MIT"
        }
    }
}
